uuid: 95f69dc5-7550-4b51-a37d-47f37145cefb
langcode: en
status: true
dependencies:
  module:
    - drupal_itm_demos
  theme:
    - bartik
id: subscribeblock
theme: bartik
region: footer_first
weight: 0
provider: null
plugin: subscribe_block
settings:
  id: subscribe_block
  label: 'Subscribe block'
  provider: drupal_itm_demos
  label_display: '0'
visibility: {  }
